
Microsoft Visual Studio Solution File, Format Version 12.00
# Visual Studio 2015
Project("{FAE04EC0-301F-11D3-BF4B-00C04F79EFBC}") = "Scientific Names.CSharp", "Scientific Names.CSharp.csproj", "{9983DBB9-D77A-01B2-8CC6-8566AE24659B}"
EndProject
Global
	GlobalSection(SolutionConfigurationPlatforms) = preSolution
		Debug|Any CPU = Debug|Any CPU
		Release|Any CPU = Release|Any CPU
	EndGlobalSection
	GlobalSection(ProjectConfigurationPlatforms) = postSolution
		{9983DBB9-D77A-01B2-8CC6-8566AE24659B}.Debug|Any CPU.ActiveCfg = Debug|Any CPU
		{9983DBB9-D77A-01B2-8CC6-8566AE24659B}.Debug|Any CPU.Build.0 = Debug|Any CPU
		{9983DBB9-D77A-01B2-8CC6-8566AE24659B}.Release|Any CPU.ActiveCfg = Release|Any CPU
		{9983DBB9-D77A-01B2-8CC6-8566AE24659B}.Release|Any CPU.Build.0 = Release|Any CPU
	EndGlobalSection
	GlobalSection(SolutionProperties) = preSolution
		HideSolutionNode = FALSE
	EndGlobalSection
EndGlobal
